
Microsoft Visual Studio Solution File, Format Version 12.00
# Visual Studio Version 16
VisualStudioVersion = 16.0.29709.97
MinimumVisualStudioVersion = 10.0.40219.1
Project("{8BC9CEB8-8B4A-11D0-8D11-00A0C91BC942}") = "Lab0", "SP-Course\SP-Course.vcxproj", "{B736CCA5-3CF5-48D8-A9BD-74AE7CCEE3F5}"
EndProject
Project("{8BC9CEB8-8B4A-11D0-8D11-00A0C91BC942}") = "Lab1pt1", "Lab1pt1\Lab1pt1.vcxproj", "{C4477AB4-B551-4553-8A5D-66B7C5B1C70A}"
EndProject
Project("{8BC9CEB8-8B4A-11D0-8D11-00A0C91BC942}") = "Lab1pt2", "Lab1pt2\Lab1pt2.vcxproj", "{81D5D96D-2F2F-4B8A-BB2D-598E0F827A3D}"
EndProject
Project("{8BC9CEB8-8B4A-11D0-8D11-00A0C91BC942}") = "Lab2pt1", "Lab2pt1\Lab2pt1.vcxproj", "{D922AC14-E879-4150-B12D-B7E452A6D86E}"
EndProject
Project("{8BC9CEB8-8B4A-11D0-8D11-00A0C91BC942}") = "Lab2pt2", "Lab2pt2\Lab2pt2.vcxproj", "{5FB216C3-574F-47B3-A0FB-2D588F7384F8}"
EndProject
Project("{8BC9CEB8-8B4A-11D0-8D11-00A0C91BC942}") = "Lab4pt1", "Lab4pt1\Lab4pt1.vcxproj", "{B2AAB646-4D3A-4299-AB69-39B9F460ABC7}"
EndProject
Project("{8BC9CEB8-8B4A-11D0-8D11-00A0C91BC942}") = "Lab4pt2", "Lab4pt2\Lab4pt2.vcxproj", "{E65CA65B-2FB8-472E-B9FE-0AB888EF891E}"
EndProject
Global
	GlobalSection(SolutionConfigurationPlatforms) = preSolution
		Debug|x64 = Debug|x64
		Debug|x86 = Debug|x86
		Release|x64 = Release|x64
		Release|x86 = Release|x86
	EndGlobalSection
	GlobalSection(ProjectConfigurationPlatforms) = postSolution
		{B736CCA5-3CF5-48D8-A9BD-74AE7CCEE3F5}.Debug|x64.ActiveCfg = Debug|x64
		{B736CCA5-3CF5-48D8-A9BD-74AE7CCEE3F5}.Debug|x64.Build.0 = Debug|x64
		{B736CCA5-3CF5-48D8-A9BD-74AE7CCEE3F5}.Debug|x86.ActiveCfg = Debug|Win32
		{B736CCA5-3CF5-48D8-A9BD-74AE7CCEE3F5}.Debug|x86.Build.0 = Debug|Win32
		{B736CCA5-3CF5-48D8-A9BD-74AE7CCEE3F5}.Release|x64.ActiveCfg = Release|x64
		{B736CCA5-3CF5-48D8-A9BD-74AE7CCEE3F5}.Release|x64.Build.0 = Release|x64
		{B736CCA5-3CF5-48D8-A9BD-74AE7CCEE3F5}.Release|x86.ActiveCfg = Release|Win32
		{B736CCA5-3CF5-48D8-A9BD-74AE7CCEE3F5}.Release|x86.Build.0 = Release|Win32
		{C4477AB4-B551-4553-8A5D-66B7C5B1C70A}.Debug|x64.ActiveCfg = Debug|x64
		{C4477AB4-B551-4553-8A5D-66B7C5B1C70A}.Debug|x64.Build.0 = Debug|x64
		{C4477AB4-B551-4553-8A5D-66B7C5B1C70A}.Debug|x86.ActiveCfg = Debug|Win32
		{C4477AB4-B551-4553-8A5D-66B7C5B1C70A}.Debug|x86.Build.0 = Debug|Win32
		{C4477AB4-B551-4553-8A5D-66B7C5B1C70A}.Release|x64.ActiveCfg = Release|x64
		{C4477AB4-B551-4553-8A5D-66B7C5B1C70A}.Release|x64.Build.0 = Release|x64
		{C4477AB4-B551-4553-8A5D-66B7C5B1C70A}.Release|x86.ActiveCfg = Release|Win32
		{C4477AB4-B551-4553-8A5D-66B7C5B1C70A}.Release|x86.Build.0 = Release|Win32
		{81D5D96D-2F2F-4B8A-BB2D-598E0F827A3D}.Debug|x64.ActiveCfg = Debug|x64
		{81D5D96D-2F2F-4B8A-BB2D-598E0F827A3D}.Debug|x64.Build.0 = Debug|x64
		{81D5D96D-2F2F-4B8A-BB2D-598E0F827A3D}.Debug|x86.ActiveCfg = Debug|Win32
		{81D5D96D-2F2F-4B8A-BB2D-598E0F827A3D}.Debug|x86.Build.0 = Debug|Win32
		{81D5D96D-2F2F-4B8A-BB2D-598E0F827A3D}.Release|x64.ActiveCfg = Release|x64
		{81D5D96D-2F2F-4B8A-BB2D-598E0F827A3D}.Release|x64.Build.0 = Release|x64
		{81D5D96D-2F2F-4B8A-BB2D-598E0F827A3D}.Release|x86.ActiveCfg = Release|Win32
		{81D5D96D-2F2F-4B8A-BB2D-598E0F827A3D}.Release|x86.Build.0 = Release|Win32
		{D922AC14-E879-4150-B12D-B7E452A6D86E}.Debug|x64.ActiveCfg = Debug|x64
		{D922AC14-E879-4150-B12D-B7E452A6D86E}.Debug|x64.Build.0 = Debug|x64
		{D922AC14-E879-4150-B12D-B7E452A6D86E}.Debug|x86.ActiveCfg = Debug|Win32
		{D922AC14-E879-4150-B12D-B7E452A6D86E}.Debug|x86.Build.0 = Debug|Win32
		{D922AC14-E879-4150-B12D-B7E452A6D86E}.Release|x64.ActiveCfg = Release|x64
		{D922AC14-E879-4150-B12D-B7E452A6D86E}.Release|x64.Build.0 = Release|x64
		{D922AC14-E879-4150-B12D-B7E452A6D86E}.Release|x86.ActiveCfg = Release|Win32
		{D922AC14-E879-4150-B12D-B7E452A6D86E}.Release|x86.Build.0 = Release|Win32
		{5FB216C3-574F-47B3-A0FB-2D588F7384F8}.Debug|x64.ActiveCfg = Debug|x64
		{5FB216C3-574F-47B3-A0FB-2D588F7384F8}.Debug|x64.Build.0 = Debug|x64
		{5FB216C3-574F-47B3-A0FB-2D588F7384F8}.Debug|x86.ActiveCfg = Debug|Win32
		{5FB216C3-574F-47B3-A0FB-2D588F7384F8}.Debug|x86.Build.0 = Debug|Win32
		{5FB216C3-574F-47B3-A0FB-2D588F7384F8}.Release|x64.ActiveCfg = Release|x64
		{5FB216C3-574F-47B3-A0FB-2D588F7384F8}.Release|x64.Build.0 = Release|x64
		{5FB216C3-574F-47B3-A0FB-2D588F7384F8}.Release|x86.ActiveCfg = Release|Win32
		{5FB216C3-574F-47B3-A0FB-2D588F7384F8}.Release|x86.Build.0 = Release|Win32
		{B2AAB646-4D3A-4299-AB69-39B9F460ABC7}.Debug|x64.ActiveCfg = Debug|x64
		{B2AAB646-4D3A-4299-AB69-39B9F460ABC7}.Debug|x64.Build.0 = Debug|x64
		{B2AAB646-4D3A-4299-AB69-39B9F460ABC7}.Debug|x86.ActiveCfg = Debug|Win32
		{B2AAB646-4D3A-4299-AB69-39B9F460ABC7}.Debug|x86.Build.0 = Debug|Win32
		{B2AAB646-4D3A-4299-AB69-39B9F460ABC7}.Release|x64.ActiveCfg = Release|x64
		{B2AAB646-4D3A-4299-AB69-39B9F460ABC7}.Release|x64.Build.0 = Release|x64
		{B2AAB646-4D3A-4299-AB69-39B9F460ABC7}.Release|x86.ActiveCfg = Release|Win32
		{B2AAB646-4D3A-4299-AB69-39B9F460ABC7}.Release|x86.Build.0 = Release|Win32
		{E65CA65B-2FB8-472E-B9FE-0AB888EF891E}.Debug|x64.ActiveCfg = Debug|x64
		{E65CA65B-2FB8-472E-B9FE-0AB888EF891E}.Debug|x64.Build.0 = Debug|x64
		{E65CA65B-2FB8-472E-B9FE-0AB888EF891E}.Debug|x86.ActiveCfg = Debug|Win32
		{E65CA65B-2FB8-472E-B9FE-0AB888EF891E}.Debug|x86.Build.0 = Debug|Win32
		{E65CA65B-2FB8-472E-B9FE-0AB888EF891E}.Release|x64.ActiveCfg = Release|x64
		{E65CA65B-2FB8-472E-B9FE-0AB888EF891E}.Release|x64.Build.0 = Release|x64
		{E65CA65B-2FB8-472E-B9FE-0AB888EF891E}.Release|x86.ActiveCfg = Release|Win32
		{E65CA65B-2FB8-472E-B9FE-0AB888EF891E}.Release|x86.Build.0 = Release|Win32
	EndGlobalSection
	GlobalSection(SolutionProperties) = preSolution
		HideSolutionNode = FALSE
	EndGlobalSection
	GlobalSection(ExtensibilityGlobals) = postSolution
		SolutionGuid = {EF95AADC-CFDF-4D24-9223-0B98FCCCDB36}
	EndGlobalSection
EndGlobal
